// !$*UTF8*$!
{
	archiveVersion = 1;
	classes = {
	};
	objectVersion = 56;
	objects = {

/* Begin PBXBuildFile section */
		5B644E8B29A8C2AA009E7180 /* ActionButton.swift in Sources */ = {isa = PBXBuildFile; fileRef = 5B644E8A29A8C2AA009E7180 /* ActionButton.swift */; };
		5B644E8F29AB6F41009E7180 /* Extensions.swift in Sources */ = {isa = PBXBuildFile; fileRef = 5B644E8E29AB6F41009E7180 /* Extensions.swift */; };
		5B644E9129AB7945009E7180 /* SelectLoginViewController.swift in Sources */ = {isa = PBXBuildFile; fileRef = 5B644E9029AB7945009E7180 /* SelectLoginViewController.swift */; };
		5B644E9529ACA12F009E7180 /* NavigationBarAppearance.swift in Sources */ = {isa = PBXBuildFile; fileRef = 5B644E9429ACA12F009E7180 /* NavigationBarAppearance.swift */; };
		5B644E9729ACAA07009E7180 /* GreyTextField.swift in Sources */ = {isa = PBXBuildFile; fileRef = 5B644E9629ACAA07009E7180 /* GreyTextField.swift */; };
		5BCAD98B29A509820010E811 /* AppDelegate.swift in Sources */ = {isa = PBXBuildFile; fileRef = 5BCAD98A29A509820010E811 /* AppDelegate.swift */; };
		5BCAD98D29A509820010E811 /* SceneDelegate.swift in Sources */ = {isa = PBXBuildFile; fileRef = 5BCAD98C29A509820010E811 /* SceneDelegate.swift */; };
		5BCAD99429A509830010E811 /* Assets.xcassets in Resources */ = {isa = PBXBuildFile; fileRef = 5BCAD99329A509830010E811 /* Assets.xcassets */; };
		5BCAD99729A509830010E811 /* LaunchScreen.storyboard in Resources */ = {isa = PBXBuildFile; fileRef = 5BCAD99529A509830010E811 /* LaunchScreen.storyboard */; };
		5BF96CE529AD018400E081D8 /* Pretendard-ExtraBold.otf in Resources */ = {isa = PBXBuildFile; fileRef = 5BF96CDC29AD018400E081D8 /* Pretendard-ExtraBold.otf */; };
		5BF96CE629AD018400E081D8 /* Pretendard-Thin.otf in Resources */ = {isa = PBXBuildFile; fileRef = 5BF96CDD29AD018400E081D8 /* Pretendard-Thin.otf */; };
		5BF96CE729AD018400E081D8 /* Pretendard-Regular.otf in Resources */ = {isa = PBXBuildFile; fileRef = 5BF96CDE29AD018400E081D8 /* Pretendard-Regular.otf */; };
		5BF96CE829AD018400E081D8 /* Pretendard-Medium.otf in Resources */ = {isa = PBXBuildFile; fileRef = 5BF96CDF29AD018400E081D8 /* Pretendard-Medium.otf */; };
		5BF96CE929AD018400E081D8 /* Pretendard-Bold.otf in Resources */ = {isa = PBXBuildFile; fileRef = 5BF96CE029AD018400E081D8 /* Pretendard-Bold.otf */; };
		5BF96CEA29AD018400E081D8 /* Pretendard-ExtraLight.otf in Resources */ = {isa = PBXBuildFile; fileRef = 5BF96CE129AD018400E081D8 /* Pretendard-ExtraLight.otf */; };
		5BF96CEB29AD018400E081D8 /* Pretendard-Black.otf in Resources */ = {isa = PBXBuildFile; fileRef = 5BF96CE229AD018400E081D8 /* Pretendard-Black.otf */; };
		5BF96CEC29AD018400E081D8 /* Pretendard-Light.otf in Resources */ = {isa = PBXBuildFile; fileRef = 5BF96CE329AD018400E081D8 /* Pretendard-Light.otf */; };
		5BF96CED29AD018400E081D8 /* Pretendard-SemiBold.otf in Resources */ = {isa = PBXBuildFile; fileRef = 5BF96CE429AD018400E081D8 /* Pretendard-SemiBold.otf */; };
/* End PBXBuildFile section */

/* Begin PBXFileReference section */
		5B644E8A29A8C2AA009E7180 /* ActionButton.swift */ = {isa = PBXFileReference; lastKnownFileType = sourcecode.swift; path = ActionButton.swift; sourceTree = "<group>"; };
		5B644E8E29AB6F41009E7180 /* Extensions.swift */ = {isa = PBXFileReference; lastKnownFileType = sourcecode.swift; path = Extensions.swift; sourceTree = "<group>"; };
		5B644E9029AB7945009E7180 /* SelectLoginViewController.swift */ = {isa = PBXFileReference; lastKnownFileType = sourcecode.swift; path = SelectLoginViewController.swift; sourceTree = "<group>"; };
		5B644E9429ACA12F009E7180 /* NavigationBarAppearance.swift */ = {isa = PBXFileReference; lastKnownFileType = sourcecode.swift; path = NavigationBarAppearance.swift; sourceTree = "<group>"; };
		5B644E9629ACAA07009E7180 /* GreyTextField.swift */ = {isa = PBXFileReference; lastKnownFileType = sourcecode.swift; path = GreyTextField.swift; sourceTree = "<group>"; };
		5BCAD98729A509820010E811 /* seoultechSC.app */ = {isa = PBXFileReference; explicitFileType = wrapper.application; includeInIndex = 0; path = seoultechSC.app; sourceTree = BUILT_PRODUCTS_DIR; };
		5BCAD98A29A509820010E811 /* AppDelegate.swift */ = {isa = PBXFileReference; lastKnownFileType = sourcecode.swift; path = AppDelegate.swift; sourceTree = "<group>"; };
		5BCAD98C29A509820010E811 /* SceneDelegate.swift */ = {isa = PBXFileReference; lastKnownFileType = sourcecode.swift; path = SceneDelegate.swift; sourceTree = "<group>"; };
		5BCAD99329A509830010E811 /* Assets.xcassets */ = {isa = PBXFileReference; lastKnownFileType = folder.assetcatalog; path = Assets.xcassets; sourceTree = "<group>"; };
		5BCAD99629A509830010E811 /* Base */ = {isa = PBXFileReference; lastKnownFileType = file.storyboard; name = Base; path = Base.lproj/LaunchScreen.storyboard; sourceTree = "<group>"; };
		5BCAD99829A509830010E811 /* Info.plist */ = {isa = PBXFileReference; lastKnownFileType = text.plist.xml; path = Info.plist; sourceTree = "<group>"; };
		5BF96CDC29AD018400E081D8 /* Pretendard-ExtraBold.otf */ = {isa = PBXFileReference; lastKnownFileType = file; path = "Pretendard-ExtraBold.otf"; sourceTree = "<group>"; };
		5BF96CDD29AD018400E081D8 /* Pretendard-Thin.otf */ = {isa = PBXFileReference; lastKnownFileType = file; path = "Pretendard-Thin.otf"; sourceTree = "<group>"; };
		5BF96CDE29AD018400E081D8 /* Pretendard-Regular.otf */ = {isa = PBXFileReference; lastKnownFileType = file; path = "Pretendard-Regular.otf"; sourceTree = "<group>"; };
		5BF96CDF29AD018400E081D8 /* Pretendard-Medium.otf */ = {isa = PBXFileReference; lastKnownFileType = file; path = "Pretendard-Medium.otf"; sourceTree = "<group>"; };
		5BF96CE029AD018400E081D8 /* Pretendard-Bold.otf */ = {isa = PBXFileReference; lastKnownFileType = file; path = "Pretendard-Bold.otf"; sourceTree = "<group>"; };
		5BF96CE129AD018400E081D8 /* Pretendard-ExtraLight.otf */ = {isa = PBXFileReference; lastKnownFileType = file; path = "Pretendard-ExtraLight.otf"; sourceTree = "<group>"; };
		5BF96CE229AD018400E081D8 /* Pretendard-Black.otf */ = {isa = PBXFileReference; lastKnownFileType = file; path = "Pretendard-Black.otf"; sourceTree = "<group>"; };
		5BF96CE329AD018400E081D8 /* Pretendard-Light.otf */ = {isa = PBXFileReference; lastKnownFileType = file; path = "Pretendard-Light.otf"; sourceTree = "<group>"; };
		5BF96CE429AD018400E081D8 /* Pretendard-SemiBold.otf */ = {isa = PBXFileReference; lastKnownFileType = file; path = "Pretendard-SemiBold.otf"; sourceTree = "<group>"; };
/* End PBXFileReference section */

/* Begin PBXFrameworksBuildPhase section */
		5BCAD98429A509820010E811 /* Frameworks */ = {
			isa = PBXFrameworksBuildPhase;
			buildActionMask = 2147483647;
			files = (
			);
			runOnlyForDeploymentPostprocessing = 0;
		};
/* End PBXFrameworksBuildPhase section */

/* Begin PBXGroup section */
		5BCAD97E29A509820010E811 = {
			isa = PBXGroup;
			children = (
				5BCAD98929A509820010E811 /* seoultechSC */,
				5BCAD98829A509820010E811 /* Products */,
			);
			sourceTree = "<group>";
		};
		5BCAD98829A509820010E811 /* Products */ = {
			isa = PBXGroup;
			children = (
				5BCAD98729A509820010E811 /* seoultechSC.app */,
			);
			name = Products;
			sourceTree = "<group>";
		};
		5BCAD98929A509820010E811 /* seoultechSC */ = {
			isa = PBXGroup;
			children = (
				5BCAD9A529A519D40010E811 /* Helpers */,
				5BCAD9A429A517E10010E811 /* Resources */,
				5BCAD9A129A517530010E811 /* Views */,
				5BCAD9A029A517440010E811 /* Models */,
				5BCAD99F29A517330010E811 /* Controllers */,
				5BCAD99829A509830010E811 /* Info.plist */,
			);
			path = seoultechSC;
			sourceTree = "<group>";
		};
		5BCAD99F29A517330010E811 /* Controllers */ = {
			isa = PBXGroup;
			children = (
				5B644E9029AB7945009E7180 /* SelectLoginViewController.swift */,
			);
			path = Controllers;
			sourceTree = "<group>";
		};
		5BCAD9A029A517440010E811 /* Models */ = {
			isa = PBXGroup;
			children = (
			);
			path = Models;
			sourceTree = "<group>";
		};
		5BCAD9A129A517530010E811 /* Views */ = {
			isa = PBXGroup;
			children = (
				5B644E8A29A8C2AA009E7180 /* ActionButton.swift */,
				5B644E9429ACA12F009E7180 /* NavigationBarAppearance.swift */,
				5B644E9629ACAA07009E7180 /* GreyTextField.swift */,
			);
			path = Views;
			sourceTree = "<group>";
		};
		5BCAD9A429A517E10010E811 /* Resources */ = {
			isa = PBXGroup;
			children = (
				5BF96CDB29AD015700E081D8 /* Fonts */,
				5BCAD98A29A509820010E811 /* AppDelegate.swift */,
				5BCAD98C29A509820010E811 /* SceneDelegate.swift */,
				5BCAD99329A509830010E811 /* Assets.xcassets */,
				5BCAD99529A509830010E811 /* LaunchScreen.storyboard */,
			);
			path = Resources;
			sourceTree = "<group>";
		};
		5BCAD9A529A519D40010E811 /* Helpers */ = {
			isa = PBXGroup;
			children = (
				5B644E8E29AB6F41009E7180 /* Extensions.swift */,
			);
			path = Helpers;
			sourceTree = "<group>";
		};
		5BF96CDB29AD015700E081D8 /* Fonts */ = {
			isa = PBXGroup;
			children = (
				5BF96CE229AD018400E081D8 /* Pretendard-Black.otf */,
				5BF96CE029AD018400E081D8 /* Pretendard-Bold.otf */,
				5BF96CDC29AD018400E081D8 /* Pretendard-ExtraBold.otf */,
				5BF96CE129AD018400E081D8 /* Pretendard-ExtraLight.otf */,
				5BF96CE329AD018400E081D8 /* Pretendard-Light.otf */,
				5BF96CDF29AD018400E081D8 /* Pretendard-Medium.otf */,
				5BF96CDE29AD018400E081D8 /* Pretendard-Regular.otf */,
				5BF96CE429AD018400E081D8 /* Pretendard-SemiBold.otf */,
				5BF96CDD29AD018400E081D8 /* Pretendard-Thin.otf */,
			);
			path = Fonts;
			sourceTree = "<group>";
		};
/* End PBXGroup section */

/* Begin PBXNativeTarget section */
		5BCAD98629A509820010E811 /* seoultechSC */ = {
			isa = PBXNativeTarget;
			buildConfigurationList = 5BCAD99B29A509830010E811 /* Build configuration list for PBXNativeTarget "seoultechSC" */;
			buildPhases = (
				5BCAD98329A509820010E811 /* Sources */,
				5BCAD98429A509820010E811 /* Frameworks */,
				5BCAD98529A509820010E811 /* Resources */,
			);
			buildRules = (
			);
			dependencies = (
			);
			name = seoultechSC;
			productName = seoultechSC;
			productReference = 5BCAD98729A509820010E811 /* seoultechSC.app */;
			productType = "com.apple.product-type.application";
		};
/* End PBXNativeTarget section */

/* Begin PBXProject section */
		5BCAD97F29A509820010E811 /* Project object */ = {
			isa = PBXProject;
			attributes = {
				BuildIndependentTargetsInParallel = 1;
				LastSwiftUpdateCheck = 1420;
				LastUpgradeCheck = 1420;
				TargetAttributes = {
					5BCAD98629A509820010E811 = {
						CreatedOnToolsVersion = 14.2;
					};
				};
			};
			buildConfigurationList = 5BCAD98229A509820010E811 /* Build configuration list for PBXProject "seoultechSC" */;
			compatibilityVersion = "Xcode 14.0";
			developmentRegion = en;
			hasScannedForEncodings = 0;
			knownRegions = (
				en,
				Base,
			);
			mainGroup = 5BCAD97E29A509820010E811;
			productRefGroup = 5BCAD98829A509820010E811 /* Products */;
			projectDirPath = "";
			projectRoot = "";
			targets = (
				5BCAD98629A509820010E811 /* seoultechSC */,
			);
		};
/* End PBXProject section */

/* Begin PBXResourcesBuildPhase section */
		5BCAD98529A509820010E811 /* Resources */ = {
			isa = PBXResourcesBuildPhase;
			buildActionMask = 2147483647;
			files = (
				5BF96CED29AD018400E081D8 /* Pretendard-SemiBold.otf in Resources */,
				5BCAD99729A509830010E811 /* LaunchScreen.storyboard in Resources */,
				5BCAD99429A509830010E811 /* Assets.xcassets in Resources */,
				5BF96CEA29AD018400E081D8 /* Pretendard-ExtraLight.otf in Resources */,
				5BF96CEC29AD018400E081D8 /* Pretendard-Light.otf in Resources */,
				5BF96CE929AD018400E081D8 /* Pretendard-Bold.otf in Resources */,
				5BF96CEB29AD018400E081D8 /* Pretendard-Black.otf in Resources */,
				5BF96CE729AD018400E081D8 /* Pretendard-Regular.otf in Resources */,
				5BF96CE529AD018400E081D8 /* Pretendard-ExtraBold.otf in Resources */,
				5BF96CE629AD018400E081D8 /* Pretendard-Thin.otf in Resources */,
				5BF96CE829AD018400E081D8 /* Pretendard-Medium.otf in Resources */,
			);
			runOnlyForDeploymentPostprocessing = 0;
		};
/* End PBXResourcesBuildPhase section */

/* Begin PBXSourcesBuildPhase section */
		5BCAD98329A509820010E811 /* Sources */ = {
			isa = PBXSourcesBuildPhase;
			buildActionMask = 2147483647;
			files = (
				5B644E8F29AB6F41009E7180 /* Extensions.swift in Sources */,
				5B644E9729ACAA07009E7180 /* GreyTextField.swift in Sources */,
				5BCAD98B29A509820010E811 /* AppDelegate.swift in Sources */,
				5BCAD98D29A509820010E811 /* SceneDelegate.swift in Sources */,
				5B644E9529ACA12F009E7180 /* NavigationBarAppearance.swift in Sources */,
				5B644E9129AB7945009E7180 /* SelectLoginViewController.swift in Sources */,
				5B644E8B29A8C2AA009E7180 /* ActionButton.swift in Sources */,
			);
			runOnlyForDeploymentPostprocessing = 0;
		};
/* End PBXSourcesBuildPhase section */

/* Begin PBXVariantGroup section */
		5BCAD99529A509830010E811 /* LaunchScreen.storyboard */ = {
			isa = PBXVariantGroup;
			children = (
				5BCAD99629A509830010E811 /* Base */,
			);
			name = LaunchScreen.storyboard;
			sourceTree = "<group>";
		};
/* End PBXVariantGroup section */

/* Begin XCBuildConfiguration section */
		5BCAD99929A509830010E811 /* Debug */ = {
			isa = XCBuildConfiguration;
			buildSettings = {
				ALWAYS_SEARCH_USER_PATHS = NO;
				CLANG_ANALYZER_NONNULL = YES;
				CLANG_ANALYZER_NUMBER_OBJECT_CONVERSION = YES_AGGRESSIVE;
				CLANG_CXX_LANGUAGE_STANDARD = "gnu++20";
				CLANG_ENABLE_MODULES = YES;
				CLANG_ENABLE_OBJC_ARC = YES;
				CLANG_ENABLE_OBJC_WEAK = YES;
				CLANG_WARN_BLOCK_CAPTURE_AUTORELEASING = YES;
				CLANG_WARN_BOOL_CONVERSION = YES;
				CLANG_WARN_COMMA = YES;
				CLANG_WARN_CONSTANT_CONVERSION = YES;
				CLANG_WARN_DEPRECATED_OBJC_IMPLEMENTATIONS = YES;
				CLANG_WARN_DIRECT_OBJC_ISA_USAGE = YES_ERROR;
				CLANG_WARN_DOCUMENTATION_COMMENTS = YES;
				CLANG_WARN_EMPTY_BODY = YES;
				CLANG_WARN_ENUM_CONVERSION = YES;
				CLANG_WARN_INFINITE_RECURSION = YES;
				CLANG_WARN_INT_CONVERSION = YES;
				CLANG_WARN_NON_LITERAL_NULL_CONVERSION = YES;
				CLANG_WARN_OBJC_IMPLICIT_RETAIN_SELF = YES;
				CLANG_WARN_OBJC_LITERAL_CONVERSION = YES;
				CLANG_WARN_OBJC_ROOT_CLASS = YES_ERROR;
				CLANG_WARN_QUOTED_INCLUDE_IN_FRAMEWORK_HEADER = YES;
				CLANG_WARN_RANGE_LOOP_ANALYSIS = YES;
				CLANG_WARN_STRICT_PROTOTYPES = YES;
				CLANG_WARN_SUSPICIOUS_MOVE = YES;
				CLANG_WARN_UNGUARDED_AVAILABILITY = YES_AGGRESSIVE;
				CLANG_WARN_UNREACHABLE_CODE = YES;
				CLANG_WARN__DUPLICATE_METHOD_MATCH = YES;
				COPY_PHASE_STRIP = NO;
				DEBUG_INFORMATION_FORMAT = dwarf;
				ENABLE_STRICT_OBJC_MSGSEND = YES;
				ENABLE_TESTABILITY = YES;
				GCC_C_LANGUAGE_STANDARD = gnu11;
				GCC_DYNAMIC_NO_PIC = NO;
				GCC_NO_COMMON_BLOCKS = YES;
				GCC_OPTIMIZATION_LEVEL = 0;
				GCC_PREPROCESSOR_DEFINITIONS = (
					"DEBUG=1",
					"$(inherited)",
				);
				GCC_WARN_64_TO_32_BIT_CONVERSION = YES;
				GCC_WARN_ABOUT_RETURN_TYPE = YES_ERROR;
				GCC_WARN_UNDECLARED_SELECTOR = YES;
				GCC_WARN_UNINITIALIZED_AUTOS = YES_AGGRESSIVE;
				GCC_WARN_UNUSED_FUNCTION = YES;
				GCC_WARN_UNUSED_VARIABLE = YES;
				IPHONEOS_DEPLOYMENT_TARGET = 16.2;
				MTL_ENABLE_DEBUG_INFO = INCLUDE_SOURCE;
				MTL_FAST_MATH = YES;
				ONLY_ACTIVE_ARCH = YES;
				SDKROOT = iphoneos;
				SWIFT_ACTIVE_COMPILATION_CONDITIONS = DEBUG;
				SWIFT_OPTIMIZATION_LEVEL = "-Onone";
			};
			name = Debug;
		};
		5BCAD99A29A509830010E811 /* Release */ = {
			isa = XCBuildConfiguration;
			buildSettings = {
				ALWAYS_SEARCH_USER_PATHS = NO;
				CLANG_ANALYZER_NONNULL = YES;
				CLANG_ANALYZER_NUMBER_OBJECT_CONVERSION = YES_AGGRESSIVE;
				CLANG_CXX_LANGUAGE_STANDARD = "gnu++20";
				CLANG_ENABLE_MODULES = YES;
				CLANG_ENABLE_OBJC_ARC = YES;
				CLANG_ENABLE_OBJC_WEAK = YES;
				CLANG_WARN_BLOCK_CAPTURE_AUTORELEASING = YES;
				CLANG_WARN_BOOL_CONVERSION = YES;
				CLANG_WARN_COMMA = YES;
				CLANG_WARN_CONSTANT_CONVERSION = YES;
				CLANG_WARN_DEPRECATED_OBJC_IMPLEMENTATIONS = YES;
				CLANG_WARN_DIRECT_OBJC_ISA_USAGE = YES_ERROR;
				CLANG_WARN_DOCUMENTATION_COMMENTS = YES;
				CLANG_WARN_EMPTY_BODY = YES;
				CLANG_WARN_ENUM_CONVERSION = YES;
				CLANG_WARN_INFINITE_RECURSION = YES;
				CLANG_WARN_INT_CONVERSION = YES;
				CLANG_WARN_NON_LITERAL_NULL_CONVERSION = YES;
				CLANG_WARN_OBJC_IMPLICIT_RETAIN_SELF = YES;
				CLANG_WARN_OBJC_LITERAL_CONVERSION = YES;
				CLANG_WARN_OBJC_ROOT_CLASS = YES_ERROR;
				CLANG_WARN_QUOTED_INCLUDE_IN_FRAMEWORK_HEADER = YES;
				CLANG_WARN_RANGE_LOOP_ANALYSIS = YES;
				CLANG_WARN_STRICT_PROTOTYPES = YES;
				CLANG_WARN_SUSPICIOUS_MOVE = YES;
				CLANG_WARN_UNGUARDED_AVAILABILITY = YES_AGGRESSIVE;
				CLANG_WARN_UNREACHABLE_CODE = YES;
				CLANG_WARN__DUPLICATE_METHOD_MATCH = YES;
				COPY_PHASE_STRIP = NO;
				DEBUG_INFORMATION_FORMAT = "dwarf-with-dsym";
				ENABLE_NS_ASSERTIONS = NO;
				ENABLE_STRICT_OBJC_MSGSEND = YES;
				GCC_C_LANGUAGE_STANDARD = gnu11;
				GCC_NO_COMMON_BLOCKS = YES;
				GCC_WARN_64_TO_32_BIT_CONVERSION = YES;
				GCC_WARN_ABOUT_RETURN_TYPE = YES_ERROR;
				GCC_WARN_UNDECLARED_SELECTOR = YES;
				GCC_WARN_UNINITIALIZED_AUTOS = YES_AGGRESSIVE;
				GCC_WARN_UNUSED_FUNCTION = YES;
				GCC_WARN_UNUSED_VARIABLE = YES;
				IPHONEOS_DEPLOYMENT_TARGET = 16.2;
				MTL_ENABLE_DEBUG_INFO = NO;
				MTL_FAST_MATH = YES;
				SDKROOT = iphoneos;
				SWIFT_COMPILATION_MODE = wholemodule;
				SWIFT_OPTIMIZATION_LEVEL = "-O";
				VALIDATE_PRODUCT = YES;
			};
			name = Release;
		};
		5BCAD99C29A509830010E811 /* Debug */ = {
			isa = XCBuildConfiguration;
			buildSettings = {
				ASSETCATALOG_COMPILER_APPICON_NAME = AppIcon;
				ASSETCATALOG_COMPILER_GLOBAL_ACCENT_COLOR_NAME = AccentColor;
				CODE_SIGN_STYLE = Automatic;
				CURRENT_PROJECT_VERSION = 1;
				DEVELOPMENT_TEAM = 2K66M6663R;
				GENERATE_INFOPLIST_FILE = YES;
				INFOPLIST_FILE = seoultechSC/Info.plist;
				INFOPLIST_KEY_UIApplicationSupportsIndirectInputEvents = YES;
				INFOPLIST_KEY_UILaunchStoryboardName = LaunchScreen;
				INFOPLIST_KEY_UISupportedInterfaceOrientations_iPad = "UIInterfaceOrientationPortrait UIInterfaceOrientationPortraitUpsideDown UIInterfaceOrientationLandscapeLeft UIInterfaceOrientationLandscapeRight";
				INFOPLIST_KEY_UISupportedInterfaceOrientations_iPhone = "UIInterfaceOrientationPortrait UIInterfaceOrientationLandscapeLeft UIInterfaceOrientationLandscapeRight";
				LD_RUNPATH_SEARCH_PATHS = (
					"$(inherited)",
					"@executable_path/Frameworks",
				);
				MARKETING_VERSION = 1.0;
				PRODUCT_BUNDLE_IDENTIFIER = suee97.seoultechSC;
				PRODUCT_NAME = "$(TARGET_NAME)";
				SWIFT_EMIT_LOC_STRINGS = YES;
				SWIFT_VERSION = 5.0;
				TARGETED_DEVICE_FAMILY = "1,2";
			};
			name = Debug;
		};
		5BCAD99D29A509830010E811 /* Release */ = {
			isa = XCBuildConfiguration;
			buildSettings = {
				ASSETCATALOG_COMPILER_APPICON_NAME = AppIcon;
				ASSETCATALOG_COMPILER_GLOBAL_ACCENT_COLOR_NAME = AccentColor;
				CODE_SIGN_STYLE = Automatic;
				CURRENT_PROJECT_VERSION = 1;
				DEVELOPMENT_TEAM = 2K66M6663R;
				GENERATE_INFOPLIST_FILE = YES;
				INFOPLIST_FILE = seoultechSC/Info.plist;
				INFOPLIST_KEY_UIApplicationSupportsIndirectInputEvents = YES;
				INFOPLIST_KEY_UILaunchStoryboardName = LaunchScreen;
				INFOPLIST_KEY_UISupportedInterfaceOrientations_iPad = "UIInterfaceOrientationPortrait UIInterfaceOrientationPortraitUpsideDown UIInterfaceOrientationLandscapeLeft UIInterfaceOrientationLandscapeRight";
				INFOPLIST_KEY_UISupportedInterfaceOrientations_iPhone = "UIInterfaceOrientationPortrait UIInterfaceOrientationLandscapeLeft UIInterfaceOrientationLandscapeRight";
				LD_RUNPATH_SEARCH_PATHS = (
					"$(inherited)",
					"@executable_path/Frameworks",
				);
				MARKETING_VERSION = 1.0;
				PRODUCT_BUNDLE_IDENTIFIER = suee97.seoultechSC;
				PRODUCT_NAME = "$(TARGET_NAME)";
				SWIFT_EMIT_LOC_STRINGS = YES;
				SWIFT_VERSION = 5.0;
				TARGETED_DEVICE_FAMILY = "1,2";
			};
			name = Release;
		};
/* End XCBuildConfiguration section */

/* Begin XCConfigurationList section */
		5BCAD98229A509820010E811 /* Build configuration list for PBXProject "seoultechSC" */ = {
			isa = XCConfigurationList;
			buildConfigurations = (
				5BCAD99929A509830010E811 /* Debug */,
				5BCAD99A29A509830010E811 /* Release */,
			);
			defaultConfigurationIsVisible = 0;
			defaultConfigurationName = Release;
		};
		5BCAD99B29A509830010E811 /* Build configuration list for PBXNativeTarget "seoultechSC" */ = {
			isa = XCConfigurationList;
			buildConfigurations = (
				5BCAD99C29A509830010E811 /* Debug */,
				5BCAD99D29A509830010E811 /* Release */,
			);
			defaultConfigurationIsVisible = 0;
			defaultConfigurationName = Release;
		};
/* End XCConfigurationList section */
	};
	rootObject = 5BCAD97F29A509820010E811 /* Project object */;
}
